
Microsoft Visual Studio Solution File, Format Version 12.00
# Visual Studio Version 17
VisualStudioVersion = 17.14.36429.23
MinimumVisualStudioVersion = 10.0.40219.1
Project("{FAE04EC0-301F-11D3-BF4B-00C04F79EFBC}") = "SimpleWebApi.Abstractions", "src\SimpleWebApi.Abstractions\SimpleWebApi.Abstractions.csproj", "{19B2A7E4-74EF-EBFA-06DC-8355BD7CF9D1}"
EndProject
Project("{FAE04EC0-301F-11D3-BF4B-00C04F79EFBC}") = "SimpleWebServer.Transport.HttpListener", "src\SimpleWebServer.Transport.HttpListener\SimpleWebServer.Transport.HttpListener.csproj", "{08209ABE-54EA-5A41-D76D-699F897979BB}"
EndProject
Project("{FAE04EC0-301F-11D3-BF4B-00C04F79EFBC}") = "SimpleWebServer.Hosting", "src\SimpleWebServer.Hosting\SimpleWebServer.Hosting.csproj", "{874C2BDA-672F-545E-8925-D49DB75A222A}"
EndProject
Project("{FAE04EC0-301F-11D3-BF4B-00C04F79EFBC}") = "SimpleWebApi.Framework", "src\SimpleWebApi.Framework\SimpleWebApi.Framework.csproj", "{4058379A-ADB7-654B-EB1F-3A9EE5B1B731}"
EndProject
Project("{FAE04EC0-301F-11D3-BF4B-00C04F79EFBC}") = "SampleApi", "src\SampleApi\SampleApi.csproj", "{5D214DDE-71B9-48E6-6CF5-6A557D39C19D}"
EndProject
Global
	GlobalSection(SolutionConfigurationPlatforms) = preSolution
		Debug|Any CPU = Debug|Any CPU
		Release|Any CPU = Release|Any CPU
	EndGlobalSection
	GlobalSection(ProjectConfigurationPlatforms) = postSolution
		{19B2A7E4-74EF-EBFA-06DC-8355BD7CF9D1}.Debug|Any CPU.ActiveCfg = Debug|Any CPU
		{19B2A7E4-74EF-EBFA-06DC-8355BD7CF9D1}.Debug|Any CPU.Build.0 = Debug|Any CPU
		{19B2A7E4-74EF-EBFA-06DC-8355BD7CF9D1}.Release|Any CPU.ActiveCfg = Release|Any CPU
		{19B2A7E4-74EF-EBFA-06DC-8355BD7CF9D1}.Release|Any CPU.Build.0 = Release|Any CPU
		{08209ABE-54EA-5A41-D76D-699F897979BB}.Debug|Any CPU.ActiveCfg = Debug|Any CPU
		{08209ABE-54EA-5A41-D76D-699F897979BB}.Debug|Any CPU.Build.0 = Debug|Any CPU
		{08209ABE-54EA-5A41-D76D-699F897979BB}.Release|Any CPU.ActiveCfg = Release|Any CPU
		{08209ABE-54EA-5A41-D76D-699F897979BB}.Release|Any CPU.Build.0 = Release|Any CPU
		{874C2BDA-672F-545E-8925-D49DB75A222A}.Debug|Any CPU.ActiveCfg = Debug|Any CPU
		{874C2BDA-672F-545E-8925-D49DB75A222A}.Debug|Any CPU.Build.0 = Debug|Any CPU
		{874C2BDA-672F-545E-8925-D49DB75A222A}.Release|Any CPU.ActiveCfg = Release|Any CPU
		{874C2BDA-672F-545E-8925-D49DB75A222A}.Release|Any CPU.Build.0 = Release|Any CPU
		{4058379A-ADB7-654B-EB1F-3A9EE5B1B731}.Debug|Any CPU.ActiveCfg = Debug|Any CPU
		{4058379A-ADB7-654B-EB1F-3A9EE5B1B731}.Debug|Any CPU.Build.0 = Debug|Any CPU
		{4058379A-ADB7-654B-EB1F-3A9EE5B1B731}.Release|Any CPU.ActiveCfg = Release|Any CPU
		{4058379A-ADB7-654B-EB1F-3A9EE5B1B731}.Release|Any CPU.Build.0 = Release|Any CPU
		{5D214DDE-71B9-48E6-6CF5-6A557D39C19D}.Debug|Any CPU.ActiveCfg = Debug|Any CPU
		{5D214DDE-71B9-48E6-6CF5-6A557D39C19D}.Debug|Any CPU.Build.0 = Debug|Any CPU
		{5D214DDE-71B9-48E6-6CF5-6A557D39C19D}.Release|Any CPU.ActiveCfg = Release|Any CPU
		{5D214DDE-71B9-48E6-6CF5-6A557D39C19D}.Release|Any CPU.Build.0 = Release|Any CPU
	EndGlobalSection
	GlobalSection(SolutionProperties) = preSolution
		HideSolutionNode = FALSE
	EndGlobalSection
	GlobalSection(ExtensibilityGlobals) = postSolution
		SolutionGuid = {FA73A43E-E64D-4949-854F-5254FFB047E8}
	EndGlobalSection
EndGlobal
